
Microsoft Visual Studio Solution File, Format Version 11.00
# Visual Studio 2010
Project("{E24C65DC-7377-472B-9ABA-BC803B73C61A}") = "asp教务管理系统", ".", "{87ABF183-32F8-4A78-90FE-3AE20CE00231}"
	ProjectSection(WebsiteProperties) = preProject
		TargetFrameworkMoniker = ".NETFramework,Version%3Dv4.0"
		Debug.AspNetCompiler.VirtualPath = "/asp教务管理系统"
		Debug.AspNetCompiler.PhysicalPath = "..\..\..\..\Desktop\服务器备份\java项目\asp教务管理系统\"
		Debug.AspNetCompiler.TargetPath = "PrecompiledWeb\asp教务管理系统\"
		Debug.AspNetCompiler.Updateable = "true"
		Debug.AspNetCompiler.ForceOverwrite = "true"
		Debug.AspNetCompiler.FixedNames = "false"
		Debug.AspNetCompiler.Debug = "True"
		Release.AspNetCompiler.VirtualPath = "/asp教务管理系统"
		Release.AspNetCompiler.PhysicalPath = "..\..\..\..\Desktop\服务器备份\java项目\asp教务管理系统\"
		Release.AspNetCompiler.TargetPath = "PrecompiledWeb\asp教务管理系统\"
		Release.AspNetCompiler.Updateable = "true"
		Release.AspNetCompiler.ForceOverwrite = "true"
		Release.AspNetCompiler.FixedNames = "false"
		Release.AspNetCompiler.Debug = "False"
		VWDPort = "17313"
	EndProjectSection
EndProject
Global
	GlobalSection(SolutionConfigurationPlatforms) = preSolution
		Debug|Any CPU = Debug|Any CPU
	EndGlobalSection
	GlobalSection(ProjectConfigurationPlatforms) = postSolution
		{87ABF183-32F8-4A78-90FE-3AE20CE00231}.Debug|Any CPU.ActiveCfg = Debug|Any CPU
		{87ABF183-32F8-4A78-90FE-3AE20CE00231}.Debug|Any CPU.Build.0 = Debug|Any CPU
	EndGlobalSection
	GlobalSection(SolutionProperties) = preSolution
		HideSolutionNode = FALSE
	EndGlobalSection
EndGlobal
